
Microsoft Visual Studio Solution File, Format Version 12.00
# Visual Studio Version 16
VisualStudioVersion = 16.0.31729.503
MinimumVisualStudioVersion = 10.0.40219.1
Project("{FAE04EC0-301F-11D3-BF4B-00C04F79EFBC}") = "SortingAlgorithms", "SortingAlgorithms\SortingAlgorithms.csproj", "{78EC6707-FE95-4561-9973-86B447E235FA}"
EndProject
Global
	GlobalSection(SolutionConfigurationPlatforms) = preSolution
		Debug|Any CPU = Debug|Any CPU
		Release|Any CPU = Release|Any CPU
	EndGlobalSection
	GlobalSection(ProjectConfigurationPlatforms) = postSolution
		{78EC6707-FE95-4561-9973-86B447E235FA}.Debug|Any CPU.ActiveCfg = Debug|Any CPU
		{78EC6707-FE95-4561-9973-86B447E235FA}.Debug|Any CPU.Build.0 = Debug|Any CPU
		{78EC6707-FE95-4561-9973-86B447E235FA}.Release|Any CPU.ActiveCfg = Release|Any CPU
		{78EC6707-FE95-4561-9973-86B447E235FA}.Release|Any CPU.Build.0 = Release|Any CPU
	EndGlobalSection
	GlobalSection(SolutionProperties) = preSolution
		HideSolutionNode = FALSE
	EndGlobalSection
	GlobalSection(ExtensibilityGlobals) = postSolution
		SolutionGuid = {91B8ACB1-9C93-43B1-AD78-A868177AE4CD}
	EndGlobalSection
EndGlobal
