
Microsoft Visual Studio Solution File, Format Version 12.00
# Visual Studio Version 16
VisualStudioVersion = 16.0.31729.503
MinimumVisualStudioVersion = 10.0.40219.1
Project("{FAE04EC0-301F-11D3-BF4B-00C04F79EFBC}") = "sorting", "sorting\sorting.csproj", "{AB83F16E-8F24-4410-8CA1-22503DF6085D}"
EndProject
Global
	GlobalSection(SolutionConfigurationPlatforms) = preSolution
		Debug|Any CPU = Debug|Any CPU
		Release|Any CPU = Release|Any CPU
	EndGlobalSection
	GlobalSection(ProjectConfigurationPlatforms) = postSolution
		{AB83F16E-8F24-4410-8CA1-22503DF6085D}.Debug|Any CPU.ActiveCfg = Debug|Any CPU
		{AB83F16E-8F24-4410-8CA1-22503DF6085D}.Debug|Any CPU.Build.0 = Debug|Any CPU
		{AB83F16E-8F24-4410-8CA1-22503DF6085D}.Release|Any CPU.ActiveCfg = Release|Any CPU
		{AB83F16E-8F24-4410-8CA1-22503DF6085D}.Release|Any CPU.Build.0 = Release|Any CPU
	EndGlobalSection
	GlobalSection(SolutionProperties) = preSolution
		HideSolutionNode = FALSE
	EndGlobalSection
	GlobalSection(ExtensibilityGlobals) = postSolution
		SolutionGuid = {3EBF1CC8-24B9-4E4F-AA03-5296E42E8617}
	EndGlobalSection
EndGlobal
